
Microsoft Visual Studio Solution File, Format Version 12.00
# Visual Studio Version 17
VisualStudioVersion = 17.4.33213.308
MinimumVisualStudioVersion = 10.0.40219.1
Project("{9A19103F-16F7-4668-BE54-9A1E7A4F7556}") = "PocPostgresql", "PocPostgresql\PocPostgresql.csproj", "{472034AA-A458-4325-85B9-7E226F32FAB6}"
EndProject
Project("{2150E333-8FDC-42A3-9474-1A3956D46DE8}") = "Solution Items", "Solution Items", "{D15C7098-04C1-442B-B30C-4283A0CA3CD3}"
	ProjectSection(SolutionItems) = preProject
		README.md = README.md
	EndProjectSection
EndProject
Global
	GlobalSection(SolutionConfigurationPlatforms) = preSolution
		Debug|Any CPU = Debug|Any CPU
		Release|Any CPU = Release|Any CPU
	EndGlobalSection
	GlobalSection(ProjectConfigurationPlatforms) = postSolution
		{472034AA-A458-4325-85B9-7E226F32FAB6}.Debug|Any CPU.ActiveCfg = Debug|Any CPU
		{472034AA-A458-4325-85B9-7E226F32FAB6}.Debug|Any CPU.Build.0 = Debug|Any CPU
		{472034AA-A458-4325-85B9-7E226F32FAB6}.Release|Any CPU.ActiveCfg = Release|Any CPU
		{472034AA-A458-4325-85B9-7E226F32FAB6}.Release|Any CPU.Build.0 = Release|Any CPU
	EndGlobalSection
	GlobalSection(SolutionProperties) = preSolution
		HideSolutionNode = FALSE
	EndGlobalSection
	GlobalSection(ExtensibilityGlobals) = postSolution
		SolutionGuid = {8D5D5592-92CE-4BB4-B467-06FB7D6036B8}
	EndGlobalSection
EndGlobal
